
Microsoft Visual Studio Solution File, Format Version 12.00
# Visual Studio Version 17
VisualStudioVersion = 17.8.34511.84
MinimumVisualStudioVersion = 10.0.40219.1
Project("{FAE04EC0-301F-11D3-BF4B-00C04F79EFBC}") = "HerenciaQ22024", "HerenciaQ22024\HerenciaQ22024.csproj", "{2EC58507-8DF5-46D9-9538-DA188FE41875}"
EndProject
Global
	GlobalSection(SolutionConfigurationPlatforms) = preSolution
		Debug|Any CPU = Debug|Any CPU
		Release|Any CPU = Release|Any CPU
	EndGlobalSection
	GlobalSection(ProjectConfigurationPlatforms) = postSolution
		{2EC58507-8DF5-46D9-9538-DA188FE41875}.Debug|Any CPU.ActiveCfg = Debug|Any CPU
		{2EC58507-8DF5-46D9-9538-DA188FE41875}.Debug|Any CPU.Build.0 = Debug|Any CPU
		{2EC58507-8DF5-46D9-9538-DA188FE41875}.Release|Any CPU.ActiveCfg = Release|Any CPU
		{2EC58507-8DF5-46D9-9538-DA188FE41875}.Release|Any CPU.Build.0 = Release|Any CPU
	EndGlobalSection
	GlobalSection(SolutionProperties) = preSolution
		HideSolutionNode = FALSE
	EndGlobalSection
	GlobalSection(ExtensibilityGlobals) = postSolution
		SolutionGuid = {E0381794-3E1F-4D8F-AC1B-74D8DE6E3E74}
	EndGlobalSection
EndGlobal
